
Microsoft Visual Studio Solution File, Format Version 12.00
# Visual Studio 15
VisualStudioVersion = 15.0.28307.106
MinimumVisualStudioVersion = 10.0.40219.1
Project("{FAE04EC0-301F-11D3-BF4B-00C04F79EFBC}") = "HandIn3_2_1", "HandIn3_2_1\HandIn3_2_1.csproj", "{57B05FB1-960C-4F84-B265-6941B0E04BC4}"
EndProject
Global
	GlobalSection(SolutionConfigurationPlatforms) = preSolution
		Debug|Any CPU = Debug|Any CPU
		Release|Any CPU = Release|Any CPU
	EndGlobalSection
	GlobalSection(ProjectConfigurationPlatforms) = postSolution
		{57B05FB1-960C-4F84-B265-6941B0E04BC4}.Debug|Any CPU.ActiveCfg = Debug|Any CPU
		{57B05FB1-960C-4F84-B265-6941B0E04BC4}.Debug|Any CPU.Build.0 = Debug|Any CPU
		{57B05FB1-960C-4F84-B265-6941B0E04BC4}.Release|Any CPU.ActiveCfg = Release|Any CPU
		{57B05FB1-960C-4F84-B265-6941B0E04BC4}.Release|Any CPU.Build.0 = Release|Any CPU
	EndGlobalSection
	GlobalSection(SolutionProperties) = preSolution
		HideSolutionNode = FALSE
	EndGlobalSection
	GlobalSection(ExtensibilityGlobals) = postSolution
		SolutionGuid = {1071D1E3-EF89-49CF-813B-7D4833266B32}
	EndGlobalSection
EndGlobal
